PODS:
  - app_set_id (1.3.0):
    - Flutter
  - Flutter (1.0.0)

DEPENDENCIES:
  - app_set_id (from `.symlinks/plugins/app_set_id/ios`)
  - Flutter (from `Flutter`)

EXTERNAL SOURCES:
  app_set_id:
    :path: ".symlinks/plugins/app_set_id/ios"
  Flutter:
    :path: Flutter

SPEC CHECKSUMS:
  app_set_id: 0e0db3830db2bca1b67eecec1e2ab80b2bec48fa
  Flutter: e0871f40cf51350855a761d2e70bf5af5b9b5de7

PODFILE CHECKSUM: c4c93c5f6502fe2754f48404d3594bf779584011

COCOAPODS: 1.16.2
