PODS:
  - app_set_id (1.2.1):
    - Flutter
  - Flutter (1.0.0)

DEPENDENCIES:
  - app_set_id (from `.symlinks/plugins/app_set_id/ios`)
  - Flutter (from `Flutter`)

EXTERNAL SOURCES:
  app_set_id:
    :path: ".symlinks/plugins/app_set_id/ios"
  Flutter:
    :path: Flutter

SPEC CHECKSUMS:
  app_set_id: e0349a05a0ecc6d5c937d42869aa941f90801c9c
  Flutter: e0871f40cf51350855a761d2e70bf5af5b9b5de7

PODFILE CHECKSUM: c4c93c5f6502fe2754f48404d3594bf779584011

COCOAPODS: 1.15.2
